
Microsoft Visual Studio Solution File, Format Version 12.00
# Visual Studio 15
VisualStudioVersion = 15.0.27703.2047
MinimumVisualStudioVersion = 10.0.40219.1
Project("{FAE04EC0-301F-11D3-BF4B-00C04F79EFBC}") = "Ejercicio_16", "Ejercicio_16\Ejercicio_16.csproj", "{2079D68D-F559-4C7B-ABDF-69934401B570}"
EndProject
Global
	GlobalSection(SolutionConfigurationPlatforms) = preSolution
		Debug|Any CPU = Debug|Any CPU
		Release|Any CPU = Release|Any CPU
	EndGlobalSection
	GlobalSection(ProjectConfigurationPlatforms) = postSolution
		{2079D68D-F559-4C7B-ABDF-69934401B570}.Debug|Any CPU.ActiveCfg = Debug|Any CPU
		{2079D68D-F559-4C7B-ABDF-69934401B570}.Debug|Any CPU.Build.0 = Debug|Any CPU
		{2079D68D-F559-4C7B-ABDF-69934401B570}.Release|Any CPU.ActiveCfg = Release|Any CPU
		{2079D68D-F559-4C7B-ABDF-69934401B570}.Release|Any CPU.Build.0 = Release|Any CPU
	EndGlobalSection
	GlobalSection(SolutionProperties) = preSolution
		HideSolutionNode = FALSE
	EndGlobalSection
	GlobalSection(ExtensibilityGlobals) = postSolution
		SolutionGuid = {723D40F6-AACF-480D-83DC-B58538035D88}
	EndGlobalSection
EndGlobal
