
Microsoft Visual Studio Solution File, Format Version 12.00
# Visual Studio 15
VisualStudioVersion = 15.0.27703.2047
MinimumVisualStudioVersion = 10.0.40219.1
Project("{FAE04EC0-301F-11D3-BF4B-00C04F79EFBC}") = "VistaConsola", "VistaConsola\VistaConsola.csproj", "{958BEFA0-911F-4517-88EB-41785FEAD204}"
EndProject
Project("{FAE04EC0-301F-11D3-BF4B-00C04F79EFBC}") = "VistaForm", "VistaForm\VistaForm.csproj", "{9354E4C3-CB50-409D-A31D-22B1EBD4C798}"
EndProject
Global
	GlobalSection(SolutionConfigurationPlatforms) = preSolution
		Debug|Any CPU = Debug|Any CPU
		Release|Any CPU = Release|Any CPU
	EndGlobalSection
	GlobalSection(ProjectConfigurationPlatforms) = postSolution
		{958BEFA0-911F-4517-88EB-41785FEAD204}.Debug|Any CPU.ActiveCfg = Debug|Any CPU
		{958BEFA0-911F-4517-88EB-41785FEAD204}.Debug|Any CPU.Build.0 = Debug|Any CPU
		{958BEFA0-911F-4517-88EB-41785FEAD204}.Release|Any CPU.ActiveCfg = Release|Any CPU
		{958BEFA0-911F-4517-88EB-41785FEAD204}.Release|Any CPU.Build.0 = Release|Any CPU
		{9354E4C3-CB50-409D-A31D-22B1EBD4C798}.Debug|Any CPU.ActiveCfg = Debug|Any CPU
		{9354E4C3-CB50-409D-A31D-22B1EBD4C798}.Debug|Any CPU.Build.0 = Debug|Any CPU
		{9354E4C3-CB50-409D-A31D-22B1EBD4C798}.Release|Any CPU.ActiveCfg = Release|Any CPU
		{9354E4C3-CB50-409D-A31D-22B1EBD4C798}.Release|Any CPU.Build.0 = Release|Any CPU
	EndGlobalSection
	GlobalSection(SolutionProperties) = preSolution
		HideSolutionNode = FALSE
	EndGlobalSection
	GlobalSection(ExtensibilityGlobals) = postSolution
		SolutionGuid = {694EFF47-97D3-472C-86D2-067D586EAEFA}
	EndGlobalSection
EndGlobal
