
Microsoft Visual Studio Solution File, Format Version 12.00
# Visual Studio 15
VisualStudioVersion = 15.0.27703.2047
MinimumVisualStudioVersion = 10.0.40219.1
Project("{FAE04EC0-301F-11D3-BF4B-00C04F79EFBC}") = "Ejercicio_01", "Ejercicio_01.csproj", "{5246ECCB-FCD8-4E4F-8B02-D8ACA7A566C9}"
EndProject
Global
	GlobalSection(SolutionConfigurationPlatforms) = preSolution
		Debug|Any CPU = Debug|Any CPU
		Release|Any CPU = Release|Any CPU
	EndGlobalSection
	GlobalSection(ProjectConfigurationPlatforms) = postSolution
		{5246ECCB-FCD8-4E4F-8B02-D8ACA7A566C9}.Debug|Any CPU.ActiveCfg = Debug|Any CPU
		{5246ECCB-FCD8-4E4F-8B02-D8ACA7A566C9}.Debug|Any CPU.Build.0 = Debug|Any CPU
		{5246ECCB-FCD8-4E4F-8B02-D8ACA7A566C9}.Release|Any CPU.ActiveCfg = Release|Any CPU
		{5246ECCB-FCD8-4E4F-8B02-D8ACA7A566C9}.Release|Any CPU.Build.0 = Release|Any CPU
	EndGlobalSection
	GlobalSection(SolutionProperties) = preSolution
		HideSolutionNode = FALSE
	EndGlobalSection
	GlobalSection(ExtensibilityGlobals) = postSolution
		SolutionGuid = {0165EE43-2FD9-44BA-9CA5-DC8A3E8426A8}
	EndGlobalSection
EndGlobal
